
Microsoft Visual Studio Solution File, Format Version 12.00
# Visual Studio Version 16
VisualStudioVersion = 16.0.31424.327
MinimumVisualStudioVersion = 10.0.40219.1
Project("{9A19103F-16F7-4668-BE54-9A1E7A4F7556}") = "RoboMapper", "RoboMapper\RoboMapper.csproj", "{67453D42-637F-49B1-87EA-90268145B072}"
EndProject
Project("{FAE04EC0-301F-11D3-BF4B-00C04F79EFBC}") = "Test", "Test\Test.csproj", "{B4991D50-DEE8-4CCE-88E4-505D24C6891A}"
EndProject
Project("{2150E333-8FDC-42A3-9474-1A3956D46DE8}") = "CI", "CI", "{27C8BADE-F220-4D17-BCCC-1B56F823735C}"
	ProjectSection(SolutionItems) = preProject
		.github\workflows\main.yml = .github\workflows\main.yml
	EndProjectSection
EndProject
Project("{FAE04EC0-301F-11D3-BF4B-00C04F79EFBC}") = "DI", "DI\DI.csproj", "{E75204C5-0C97-4EB0-A85E-B9D1F4EFDED1}"
EndProject
Project("{FAE04EC0-301F-11D3-BF4B-00C04F79EFBC}") = "Example", "Example\Example.csproj", "{0790F92F-617E-40DA-85FF-7669C7C0FF56}"
EndProject
Project("{FAE04EC0-301F-11D3-BF4B-00C04F79EFBC}") = "Shared", "Shared\Shared.csproj", "{CDB2C8FB-1A90-4281-B4D4-3828787F9512}"
EndProject
Global
	GlobalSection(SolutionConfigurationPlatforms) = preSolution
		Debug|Any CPU = Debug|Any CPU
		Release|Any CPU = Release|Any CPU
	EndGlobalSection
	GlobalSection(ProjectConfigurationPlatforms) = postSolution
		{67453D42-637F-49B1-87EA-90268145B072}.Debug|Any CPU.ActiveCfg = Debug|Any CPU
		{67453D42-637F-49B1-87EA-90268145B072}.Debug|Any CPU.Build.0 = Debug|Any CPU
		{67453D42-637F-49B1-87EA-90268145B072}.Release|Any CPU.ActiveCfg = Release|Any CPU
		{67453D42-637F-49B1-87EA-90268145B072}.Release|Any CPU.Build.0 = Release|Any CPU
		{B4991D50-DEE8-4CCE-88E4-505D24C6891A}.Debug|Any CPU.ActiveCfg = Debug|Any CPU
		{B4991D50-DEE8-4CCE-88E4-505D24C6891A}.Debug|Any CPU.Build.0 = Debug|Any CPU
		{B4991D50-DEE8-4CCE-88E4-505D24C6891A}.Release|Any CPU.ActiveCfg = Release|Any CPU
		{B4991D50-DEE8-4CCE-88E4-505D24C6891A}.Release|Any CPU.Build.0 = Release|Any CPU
		{E75204C5-0C97-4EB0-A85E-B9D1F4EFDED1}.Debug|Any CPU.ActiveCfg = Debug|Any CPU
		{E75204C5-0C97-4EB0-A85E-B9D1F4EFDED1}.Debug|Any CPU.Build.0 = Debug|Any CPU
		{E75204C5-0C97-4EB0-A85E-B9D1F4EFDED1}.Release|Any CPU.ActiveCfg = Release|Any CPU
		{E75204C5-0C97-4EB0-A85E-B9D1F4EFDED1}.Release|Any CPU.Build.0 = Release|Any CPU
		{0790F92F-617E-40DA-85FF-7669C7C0FF56}.Debug|Any CPU.ActiveCfg = Debug|Any CPU
		{0790F92F-617E-40DA-85FF-7669C7C0FF56}.Debug|Any CPU.Build.0 = Debug|Any CPU
		{0790F92F-617E-40DA-85FF-7669C7C0FF56}.Release|Any CPU.ActiveCfg = Release|Any CPU
		{0790F92F-617E-40DA-85FF-7669C7C0FF56}.Release|Any CPU.Build.0 = Release|Any CPU
		{CDB2C8FB-1A90-4281-B4D4-3828787F9512}.Debug|Any CPU.ActiveCfg = Debug|Any CPU
		{CDB2C8FB-1A90-4281-B4D4-3828787F9512}.Debug|Any CPU.Build.0 = Debug|Any CPU
		{CDB2C8FB-1A90-4281-B4D4-3828787F9512}.Release|Any CPU.ActiveCfg = Release|Any CPU
		{CDB2C8FB-1A90-4281-B4D4-3828787F9512}.Release|Any CPU.Build.0 = Release|Any CPU
	EndGlobalSection
	GlobalSection(SolutionProperties) = preSolution
		HideSolutionNode = FALSE
	EndGlobalSection
	GlobalSection(ExtensibilityGlobals) = postSolution
		SolutionGuid = {B5431AE8-856E-40DD-80FE-57A548E9902E}
	EndGlobalSection
EndGlobal
